<?xml version="1.0" encoding="utf-8"?>
<Project ToolsVersion="4.0" xmlns="http://schemas.microsoft.com/developer/msbuild/2003">
  <ItemGroup>
    <Filter Include="Source Files">
      <UniqueIdentifier>{4FC737F1-C7A5-4376-A066-2A32D752A2FF}</UniqueIdentifier>
      <Extensions>cpp;c;cc;cxx;c++;cppm;ixx;def;odl;idl;hpj;bat;asm;asmx</Extensions>
    </Filter>
    <Filter Include="Header Files">
      <UniqueIdentifier>{93995380-89BD-4b04-88EB-625FBE52EBFB}</UniqueIdentifier>
      <Extensions>h;hh;hpp;hxx;h++;hm;inl;inc;ipp;xsd</Extensions>
    </Filter>
    <Filter Include="Resource Files">
      <UniqueIdentifier>{67DA6AB6-F800-4c08-8B7A-83BB121AAD01}</UniqueIdentifier>
      <Extensions>rc;ico;cur;bmp;dlg;rc2;rct;bin;rgs;gif;jpg;jpeg;jpe;resx;tiff;tif;png;wav;mfcribbon-ms</Extensions>
    </Filter>
    <Filter Include="Setup">
      <UniqueIdentifier>{5e5b16d4-cfa0-4f4d-9780-2269d791c8fb}</UniqueIdentifier>
    </Filter>
    <Filter Include="Presentation">
      <UniqueIdentifier>{2e2034d7-2ce1-4d76-ad05-5ace646a0206}</UniqueIdentifier>
    </Filter>
    <Filter Include="Window">
      <UniqueIdentifier>{7415ad0b-db18-4f60-9d65-13636497627c}</UniqueIdentifier>
    </Filter>
    <Filter Include="shader">
      <UniqueIdentifier>{b758f472-59f3-4101-a9f0-05922a9839b9}</UniqueIdentifier>
    </Filter>
    <Filter Include="GraphicsPipeline">
      <UniqueIdentifier>{f1847721-383c-4c59-83ed-b1f4228fec27}</UniqueIdentifier>
    </Filter>
    <Filter Include="Drawing">
      <UniqueIdentifier>{06f6dd97-4499-4928-9783-91c70e8ba241}</UniqueIdentifier>
    </Filter>
    <Filter Include="VertexBuffers">
      <UniqueIdentifier>{d4399a42-0111-4e68-92a6-648b04deb3c7}</UniqueIdentifier>
    </Filter>
  </ItemGroup>
  <ItemGroup>
    <ClCompile Include="main.cpp">
      <Filter>Source Files</Filter>
    </ClCompile>
    <ClCompile Include="Instance.cpp">
      <Filter>Setup</Filter>
    </ClCompile>
    <ClCompile Include="WindowSurface.cpp">
      <Filter>Presentation</Filter>
    </ClCompile>
    <ClCompile Include="Window.cpp">
      <Filter>Window</Filter>
    </ClCompile>
    <ClCompile Include="ShaderModules.cpp">
      <Filter>GraphicsPipeline</Filter>
    </ClCompile>
    <ClCompile Include="Framebuffers.cpp">
      <Filter>Drawing</Filter>
    </ClCompile>
    <ClCompile Include="VertexInput.cpp">
      <Filter>VertexBuffers</Filter>
    </ClCompile>
  </ItemGroup>
  <ItemGroup>
    <ClInclude Include="Instance.h">
      <Filter>Setup</Filter>
    </ClInclude>
    <ClInclude Include="WindowSurface.h">
      <Filter>Presentation</Filter>
    </ClInclude>
    <ClInclude Include="Window.h">
      <Filter>Window</Filter>
    </ClInclude>
    <ClInclude Include="ShaderModules.h">
      <Filter>GraphicsPipeline</Filter>
    </ClInclude>
    <ClInclude Include="Framebuffers.h">
      <Filter>Drawing</Filter>
    </ClInclude>
    <ClInclude Include="Util.h">
      <Filter>Setup</Filter>
    </ClInclude>
    <ClInclude Include="VertexInput.h">
      <Filter>VertexBuffers</Filter>
    </ClInclude>
  </ItemGroup>
  <ItemGroup>
    <None Include="shader\shader_base.vert">
      <Filter>shader</Filter>
    </None>
    <None Include="shader\shader_base.frag">
      <Filter>shader</Filter>
    </None>
  </ItemGroup>
</Project>